
Microsoft Visual Studio Solution File, Format Version 12.00
# Visual Studio 14
VisualStudioVersion = 14.0.24720.0
MinimumVisualStudioVersion = 10.0.40219.1
Project("{FAE04EC0-301F-11D3-BF4B-00C04F79EFBC}") = "WorkforcePlanning.Core.Views", "webapp\WorkforcePlanning.Core.Views.csproj", "{24CA74F5-6AF8-4C67-AC79-3E648ECBEA68}"
EndProject
Project("{FAE04EC0-301F-11D3-BF4B-00C04F79EFBC}") = "WorkforcePlanning.Core.Services", "WorkforcePlanning.v3.Core.Services\ClassLibrary1\WorkforcePlanning.Core.Services.csproj", "{E5C8E26D-D391-403A-84B9-EF171AA87A55}"
EndProject
Project("{FAE04EC0-301F-11D3-BF4B-00C04F79EFBC}") = "WorkforcePlanning.Core.Data", "WorkforcePlanning.v3.Core.Data\WorkforcePlanning.Core.Data.csproj", "{840AF4A0-9C11-4074-8D6A-0CAEC5BBE885}"
EndProject
Global
	GlobalSection(SolutionConfigurationPlatforms) = preSolution
		Debug|Any CPU = Debug|Any CPU
		Release|Any CPU = Release|Any CPU
	EndGlobalSection
	GlobalSection(ProjectConfigurationPlatforms) = postSolution
		{24CA74F5-6AF8-4C67-AC79-3E648ECBEA68}.Debug|Any CPU.ActiveCfg = Debug|Any CPU
		{24CA74F5-6AF8-4C67-AC79-3E648ECBEA68}.Debug|Any CPU.Build.0 = Debug|Any CPU
		{24CA74F5-6AF8-4C67-AC79-3E648ECBEA68}.Release|Any CPU.ActiveCfg = Release|Any CPU
		{24CA74F5-6AF8-4C67-AC79-3E648ECBEA68}.Release|Any CPU.Build.0 = Release|Any CPU
		{E5C8E26D-D391-403A-84B9-EF171AA87A55}.Debug|Any CPU.ActiveCfg = Debug|Any CPU
		{E5C8E26D-D391-403A-84B9-EF171AA87A55}.Debug|Any CPU.Build.0 = Debug|Any CPU
		{E5C8E26D-D391-403A-84B9-EF171AA87A55}.Release|Any CPU.ActiveCfg = Release|Any CPU
		{E5C8E26D-D391-403A-84B9-EF171AA87A55}.Release|Any CPU.Build.0 = Release|Any CPU
		{840AF4A0-9C11-4074-8D6A-0CAEC5BBE885}.Debug|Any CPU.ActiveCfg = Debug|Any CPU
		{840AF4A0-9C11-4074-8D6A-0CAEC5BBE885}.Debug|Any CPU.Build.0 = Debug|Any CPU
		{840AF4A0-9C11-4074-8D6A-0CAEC5BBE885}.Release|Any CPU.ActiveCfg = Release|Any CPU
		{840AF4A0-9C11-4074-8D6A-0CAEC5BBE885}.Release|Any CPU.Build.0 = Release|Any CPU
	EndGlobalSection
	GlobalSection(SolutionProperties) = preSolution
		HideSolutionNode = FALSE
	EndGlobalSection
EndGlobal
